{
  "lockfileVersion": 1,
  "configVersion": 1,
  "workspaces": {
    "": {
      "name": "vouga-agency-website",
      "dependencies": {
        "libphonenumber-js": "1.13.8",
      },
    },
  },
  "packages": {
    "libphonenumber-js": ["libphonenumber-js@1.13.8", "", {}, "sha512-80xal1m93rADejw2pMp2MSzFhHCPLEspjHxnH2UtqI+DgAmElsbmLMiqk9niwH9NWAfjsRtaJI+qBrOEmRx9nQ=="],
  }
}
